
Microsoft Visual Studio Solution File, Format Version 12.00
# Visual Studio 14
VisualStudioVersion = 14.0.25420.1
MinimumVisualStudioVersion = 10.0.40219.1
Project("{2150E333-8FDC-42A3-9474-1A3956D46DE8}") = "src", "src", "{F7B9D11A-69C3-4AAA-B3B4-DC19B0B53D1D}"
EndProject
Project("{2150E333-8FDC-42A3-9474-1A3956D46DE8}") = "Solution Items", "Solution Items", "{01C34A95-1B38-4C26-8EE0-CA7520486D5A}"
	ProjectSection(SolutionItems) = preProject
		global.json = global.json
	EndProjectSection
EndProject
Project("{8BB2217D-0F2D-49D1-97BC-3654ED321F3B}") = "ASPNETCoreExample", "src\ASPNETCoreExample\ASPNETCoreExample.xproj", "{56CF75C7-C267-417C-BCF6-69CEBC0BF27C}"
EndProject
Global
	GlobalSection(SolutionConfigurationPlatforms) = preSolution
		Debug|Any CPU = Debug|Any CPU
		Release|Any CPU = Release|Any CPU
	EndGlobalSection
	GlobalSection(ProjectConfigurationPlatforms) = postSolution
		{56CF75C7-C267-417C-BCF6-69CEBC0BF27C}.Debug|Any CPU.ActiveCfg = Debug|Any CPU
		{56CF75C7-C267-417C-BCF6-69CEBC0BF27C}.Debug|Any CPU.Build.0 = Debug|Any CPU
		{56CF75C7-C267-417C-BCF6-69CEBC0BF27C}.Release|Any CPU.ActiveCfg = Release|Any CPU
		{56CF75C7-C267-417C-BCF6-69CEBC0BF27C}.Release|Any CPU.Build.0 = Release|Any CPU
	EndGlobalSection
	GlobalSection(SolutionProperties) = preSolution
		HideSolutionNode = FALSE
	EndGlobalSection
	GlobalSection(NestedProjects) = preSolution
		{56CF75C7-C267-417C-BCF6-69CEBC0BF27C} = {F7B9D11A-69C3-4AAA-B3B4-DC19B0B53D1D}
	EndGlobalSection
EndGlobal
